
Microsoft Visual Studio Solution File, Format Version 12.00
# Visual Studio Version 17
VisualStudioVersion = 17.8.34525.116
MinimumVisualStudioVersion = 10.0.40219.1
Project("{FAE04EC0-301F-11D3-BF4B-00C04F79EFBC}") = "Digitalizador", "Digitalizador\Digitalizador.csproj", "{B484C8BB-1657-4882-B473-5388FC0761F6}"
EndProject
Global
	GlobalSection(SolutionConfigurationPlatforms) = preSolution
		Debug|Any CPU = Debug|Any CPU
		Release|Any CPU = Release|Any CPU
	EndGlobalSection
	GlobalSection(ProjectConfigurationPlatforms) = postSolution
		{B484C8BB-1657-4882-B473-5388FC0761F6}.Debug|Any CPU.ActiveCfg = Debug|Any CPU
		{B484C8BB-1657-4882-B473-5388FC0761F6}.Debug|Any CPU.Build.0 = Debug|Any CPU
		{B484C8BB-1657-4882-B473-5388FC0761F6}.Release|Any CPU.ActiveCfg = Release|Any CPU
		{B484C8BB-1657-4882-B473-5388FC0761F6}.Release|Any CPU.Build.0 = Release|Any CPU
	EndGlobalSection
	GlobalSection(SolutionProperties) = preSolution
		HideSolutionNode = FALSE
	EndGlobalSection
	GlobalSection(ExtensibilityGlobals) = postSolution
		SolutionGuid = {E3B9C660-7BAD-4F96-90A6-64060534F9B4}
	EndGlobalSection
EndGlobal
